{
  "name": "rare-vet-lims-print-bridge",
  "version": "1.0.0",
  "lockfileVersion": 3,
  "requires": true,
  "packages": {
    "": {
      "name": "rare-vet-lims-print-bridge",
      "version": "1.0.0",
      "dependencies": {
        "pdf-to-printer": "5.8.0"
      }
    },
    "node_modules/pdf-to-printer": {
      "version": "5.8.0",
      "resolved": "https://registry.npmjs.org/pdf-to-printer/-/pdf-to-printer-5.8.0.tgz",
      "integrity": "sha512-Majoo9grEskzUUC/t6epqENPA7rPFWqEQTEAkQ5rGp9SM8TSm6HqYU2HWcLNuuNNbR6pzBjATjF2ZmRwirHZKA==",
      "license": "MIT"
    }
  }
}
